
Microsoft Visual Studio Solution File, Format Version 12.00
# Visual Studio Version 16
VisualStudioVersion = 16.0.32802.440
MinimumVisualStudioVersion = 10.0.40219.1
Project("{9A19103F-16F7-4668-BE54-9A1E7A4F7556}") = "Odev", "Odev\Odev.csproj", "{54C433A3-302A-41E1-9AE6-9D050FB0B2DB}"
EndProject
Project("{9A19103F-16F7-4668-BE54-9A1E7A4F7556}") = "ConstructorYapisi", "ConstructorYapisi\ConstructorYapisi.csproj", "{E30A54D5-37DA-496F-90AE-5B11EF2511E7}"
EndProject
Project("{9A19103F-16F7-4668-BE54-9A1E7A4F7556}") = "Generics", "Generics\Generics.csproj", "{53AD0DAD-A181-40A5-B559-569ECCB4E64F}"
EndProject
Project("{9A19103F-16F7-4668-BE54-9A1E7A4F7556}") = "Dictionary", "Dictionary\Dictionary.csproj", "{11D1803E-C92B-480F-BD33-0160F59347F5}"
EndProject
Global
	GlobalSection(SolutionConfigurationPlatforms) = preSolution
		Debug|Any CPU = Debug|Any CPU
		Release|Any CPU = Release|Any CPU
	EndGlobalSection
	GlobalSection(ProjectConfigurationPlatforms) = postSolution
		{54C433A3-302A-41E1-9AE6-9D050FB0B2DB}.Debug|Any CPU.ActiveCfg = Debug|Any CPU
		{54C433A3-302A-41E1-9AE6-9D050FB0B2DB}.Debug|Any CPU.Build.0 = Debug|Any CPU
		{54C433A3-302A-41E1-9AE6-9D050FB0B2DB}.Release|Any CPU.ActiveCfg = Release|Any CPU
		{54C433A3-302A-41E1-9AE6-9D050FB0B2DB}.Release|Any CPU.Build.0 = Release|Any CPU
		{E30A54D5-37DA-496F-90AE-5B11EF2511E7}.Debug|Any CPU.ActiveCfg = Debug|Any CPU
		{E30A54D5-37DA-496F-90AE-5B11EF2511E7}.Debug|Any CPU.Build.0 = Debug|Any CPU
		{E30A54D5-37DA-496F-90AE-5B11EF2511E7}.Release|Any CPU.ActiveCfg = Release|Any CPU
		{E30A54D5-37DA-496F-90AE-5B11EF2511E7}.Release|Any CPU.Build.0 = Release|Any CPU
		{53AD0DAD-A181-40A5-B559-569ECCB4E64F}.Debug|Any CPU.ActiveCfg = Debug|Any CPU
		{53AD0DAD-A181-40A5-B559-569ECCB4E64F}.Debug|Any CPU.Build.0 = Debug|Any CPU
		{53AD0DAD-A181-40A5-B559-569ECCB4E64F}.Release|Any CPU.ActiveCfg = Release|Any CPU
		{53AD0DAD-A181-40A5-B559-569ECCB4E64F}.Release|Any CPU.Build.0 = Release|Any CPU
		{11D1803E-C92B-480F-BD33-0160F59347F5}.Debug|Any CPU.ActiveCfg = Debug|Any CPU
		{11D1803E-C92B-480F-BD33-0160F59347F5}.Debug|Any CPU.Build.0 = Debug|Any CPU
		{11D1803E-C92B-480F-BD33-0160F59347F5}.Release|Any CPU.ActiveCfg = Release|Any CPU
		{11D1803E-C92B-480F-BD33-0160F59347F5}.Release|Any CPU.Build.0 = Release|Any CPU
	EndGlobalSection
	GlobalSection(SolutionProperties) = preSolution
		HideSolutionNode = FALSE
	EndGlobalSection
	GlobalSection(ExtensibilityGlobals) = postSolution
		SolutionGuid = {BBCF1065-580D-4C06-A892-6A568AEC30A5}
	EndGlobalSection
EndGlobal
